
Microsoft Visual Studio Solution File, Format Version 12.00
# Visual Studio 2013
VisualStudioVersion = 12.0.31101.0
MinimumVisualStudioVersion = 10.0.40219.1
Project("{FAE04EC0-301F-11D3-BF4B-00C04F79EFBC}") = "Tenant.Mvc", "Tenant.Mvc\Tenant.Mvc.csproj", "{C1203F08-AAEE-4DEC-9461-41BF0C4FEB69}"
EndProject
Project("{CC5FD16D-436D-48AD-A40C-5A424C6E3E79}") = "Tenant.Azure", "Tenant.Azure\Tenant.Azure.ccproj", "{61A81297-D041-48FC-ACA7-E8DD034B1951}"
EndProject
Project("{FAE04EC0-301F-11D3-BF4B-00C04F79EFBC}") = "AuditLogUtility", "AuditLogUtility\AuditLogUtility.csproj", "{C6CA3A66-A88F-4EBD-A25E-6AAF2AF7D274}"
EndProject
Project("{FAE04EC0-301F-11D3-BF4B-00C04F79EFBC}") = "LoadGenerator", "LoadGenerator\LoadGenerator.csproj", "{2E9D305C-06B3-46C1-A633-F501DDDB0314}"
EndProject
Project("{2150E333-8FDC-42A3-9474-1A3956D46DE8}") = "Solution Items", "Solution Items", "{6698484A-52E8-468A-ADB5-BBB3AA94940D}"
	ProjectSection(SolutionItems) = preProject
		DatabaseScripts\Deploy-DBSchema.ps1 = DatabaseScripts\Deploy-DBSchema.ps1
		DatabaseScripts\Populate-DBSchema.ps1 = DatabaseScripts\Populate-DBSchema.ps1
		searchdemo.txt = searchdemo.txt
	EndProjectSection
EndProject
Project("{CC5FD16D-436D-48AD-A40C-5A424C6E3E79}") = "TenantProvisioning.Azure", "TenantProvisioning.Azure\TenantProvisioning.Azure.ccproj", "{20B5239E-31FC-4166-96D7-6DEA92F237E6}"
EndProject
Project("{FAE04EC0-301F-11D3-BF4B-00C04F79EFBC}") = "TenantProvisioning.Core", "TenantProvisioning.Core\TenantProvisioning.Core.csproj", "{F023B009-E320-46B0-B475-C5A5576C4EF7}"
EndProject
Project("{FAE04EC0-301F-11D3-BF4B-00C04F79EFBC}") = "TenantProvisioning.Mvc", "TenantProvisioning.Mvc\TenantProvisioning.Mvc.csproj", "{FE5BF940-454E-48D5-8FAB-3F0AEE907A94}"
EndProject
Project("{2150E333-8FDC-42A3-9474-1A3956D46DE8}") = ".nuget", ".nuget", "{46ACB0FC-627A-4D26-946D-B7745480552D}"
	ProjectSection(SolutionItems) = preProject
		.nuget\NuGet.Config = .nuget\NuGet.Config
		.nuget\NuGet.exe = .nuget\NuGet.exe
		.nuget\NuGet.targets = .nuget\NuGet.targets
	EndProjectSection
EndProject
Project("{FAE04EC0-301F-11D3-BF4B-00C04F79EFBC}") = "TenantProvisioning.Console", "TenantProvisioning.Console\TenantProvisioning.Console.csproj", "{96752DA2-6F5E-4498-B89D-05D151381132}"
EndProject
Global
	GlobalSection(TeamFoundationVersionControl) = preSolution
		SccNumberOfProjects = 9
		SccEnterpriseProvider = {4CA58AB2-18FA-4F8D-95D4-32DDF27D184C}
		SccTeamFoundationServer = https://wingtiptickets.visualstudio.com/defaultcollection
		SccLocalPath0 = .
		SccProjectUniqueName1 = Tenant.Mvc\\Tenant.Mvc.csproj
		SccProjectName1 = Tenant.Mvc
		SccLocalPath1 = Tenant.Mvc
		SccProjectUniqueName2 = Tenant.Azure\\Tenant.Azure.ccproj
		SccProjectName2 = Tenant.Azure
		SccLocalPath2 = Tenant.Azure
		SccProjectUniqueName3 = AuditLogUtility\\AuditLogUtility.csproj
		SccProjectName3 = AuditLogUtility
		SccLocalPath3 = AuditLogUtility
		SccProjectUniqueName4 = LoadGenerator\\LoadGenerator.csproj
		SccProjectName4 = LoadGenerator
		SccLocalPath4 = LoadGenerator
		SccProjectUniqueName5 = TenantProvisioning.Core\\TenantProvisioning.Core.csproj
		SccProjectName5 = TenantProvisioning.Core
		SccLocalPath5 = TenantProvisioning.Core
		SccProjectUniqueName6 = TenantProvisioning.Mvc\\TenantProvisioning.Mvc.csproj
		SccProjectName6 = TenantProvisioning.Mvc
		SccLocalPath6 = TenantProvisioning.Mvc
		SccProjectUniqueName7 = TenantProvisioning.Azure\\TenantProvisioning.Azure.ccproj
		SccProjectName7 = TenantProvisioning.Azure
		SccLocalPath7 = TenantProvisioning.Azure
		SccProjectUniqueName8 = TenantProvisioning.Console\\TenantProvisioning.Console.csproj
		SccProjectName8 = TenantProvisioning.Console
		SccLocalPath8 = TenantProvisioning.Console
	EndGlobalSection
	GlobalSection(SolutionConfigurationPlatforms) = preSolution
		Debug|Any CPU = Debug|Any CPU
		Release|Any CPU = Release|Any CPU
	EndGlobalSection
	GlobalSection(ProjectConfigurationPlatforms) = postSolution
		{C1203F08-AAEE-4DEC-9461-41BF0C4FEB69}.Debug|Any CPU.ActiveCfg = Debug|Any CPU
		{C1203F08-AAEE-4DEC-9461-41BF0C4FEB69}.Debug|Any CPU.Build.0 = Debug|Any CPU
		{C1203F08-AAEE-4DEC-9461-41BF0C4FEB69}.Release|Any CPU.ActiveCfg = Release|Any CPU
		{C1203F08-AAEE-4DEC-9461-41BF0C4FEB69}.Release|Any CPU.Build.0 = Release|Any CPU
		{61A81297-D041-48FC-ACA7-E8DD034B1951}.Debug|Any CPU.ActiveCfg = Debug|Any CPU
		{61A81297-D041-48FC-ACA7-E8DD034B1951}.Debug|Any CPU.Build.0 = Debug|Any CPU
		{61A81297-D041-48FC-ACA7-E8DD034B1951}.Release|Any CPU.ActiveCfg = Release|Any CPU
		{61A81297-D041-48FC-ACA7-E8DD034B1951}.Release|Any CPU.Build.0 = Release|Any CPU
		{C6CA3A66-A88F-4EBD-A25E-6AAF2AF7D274}.Debug|Any CPU.ActiveCfg = Debug|Any CPU
		{C6CA3A66-A88F-4EBD-A25E-6AAF2AF7D274}.Debug|Any CPU.Build.0 = Debug|Any CPU
		{C6CA3A66-A88F-4EBD-A25E-6AAF2AF7D274}.Release|Any CPU.ActiveCfg = Release|Any CPU
		{C6CA3A66-A88F-4EBD-A25E-6AAF2AF7D274}.Release|Any CPU.Build.0 = Release|Any CPU
		{2E9D305C-06B3-46C1-A633-F501DDDB0314}.Debug|Any CPU.ActiveCfg = Debug|Any CPU
		{2E9D305C-06B3-46C1-A633-F501DDDB0314}.Debug|Any CPU.Build.0 = Debug|Any CPU
		{2E9D305C-06B3-46C1-A633-F501DDDB0314}.Release|Any CPU.ActiveCfg = Release|Any CPU
		{2E9D305C-06B3-46C1-A633-F501DDDB0314}.Release|Any CPU.Build.0 = Release|Any CPU
		{20B5239E-31FC-4166-96D7-6DEA92F237E6}.Debug|Any CPU.ActiveCfg = Debug|Any CPU
		{20B5239E-31FC-4166-96D7-6DEA92F237E6}.Debug|Any CPU.Build.0 = Debug|Any CPU
		{20B5239E-31FC-4166-96D7-6DEA92F237E6}.Release|Any CPU.ActiveCfg = Release|Any CPU
		{20B5239E-31FC-4166-96D7-6DEA92F237E6}.Release|Any CPU.Build.0 = Release|Any CPU
		{F023B009-E320-46B0-B475-C5A5576C4EF7}.Debug|Any CPU.ActiveCfg = Debug|Any CPU
		{F023B009-E320-46B0-B475-C5A5576C4EF7}.Debug|Any CPU.Build.0 = Debug|Any CPU
		{F023B009-E320-46B0-B475-C5A5576C4EF7}.Release|Any CPU.ActiveCfg = Release|Any CPU
		{F023B009-E320-46B0-B475-C5A5576C4EF7}.Release|Any CPU.Build.0 = Release|Any CPU
		{FE5BF940-454E-48D5-8FAB-3F0AEE907A94}.Debug|Any CPU.ActiveCfg = Debug|Any CPU
		{FE5BF940-454E-48D5-8FAB-3F0AEE907A94}.Debug|Any CPU.Build.0 = Debug|Any CPU
		{FE5BF940-454E-48D5-8FAB-3F0AEE907A94}.Release|Any CPU.ActiveCfg = Release|Any CPU
		{FE5BF940-454E-48D5-8FAB-3F0AEE907A94}.Release|Any CPU.Build.0 = Release|Any CPU
		{96752DA2-6F5E-4498-B89D-05D151381132}.Debug|Any CPU.ActiveCfg = Debug|Any CPU
		{96752DA2-6F5E-4498-B89D-05D151381132}.Debug|Any CPU.Build.0 = Debug|Any CPU
		{96752DA2-6F5E-4498-B89D-05D151381132}.Release|Any CPU.ActiveCfg = Release|Any CPU
		{96752DA2-6F5E-4498-B89D-05D151381132}.Release|Any CPU.Build.0 = Release|Any CPU
	EndGlobalSection
	GlobalSection(SolutionProperties) = preSolution
		HideSolutionNode = FALSE
	EndGlobalSection
	GlobalSection(ExtensibilityGlobals) = postSolution
		EnterpriseLibraryConfigurationToolBinariesPathV6 = packages\EnterpriseLibrary.TransientFaultHandling.6.0.1304.0\lib\portable-net45+win+wp8;packages\EnterpriseLibrary.TransientFaultHandling.Data.6.0.1304.1\lib\NET45
	EndGlobalSection
EndGlobal
