
Microsoft Visual Studio Solution File, Format Version 12.00
# Visual Studio 2013
VisualStudioVersion = 12.0.31101.0
MinimumVisualStudioVersion = 10.0.40219.1
Project("{FAE04EC0-301F-11D3-BF4B-00C04F79EFBC}") = "ProductRecDataGenerator", "ProductRecDataGenerator\ProductRecDataGenerator.csproj", "{A23D556C-9A33-4C32-B1C9-5DA6C2864585}"
EndProject
Project("{2150E333-8FDC-42A3-9474-1A3956D46DE8}") = ".nuget", ".nuget", "{BEDC95C5-79A7-42B5-80E7-83D30EF09600}"
	ProjectSection(SolutionItems) = preProject
		.nuget\NuGet.Config = .nuget\NuGet.Config
		.nuget\NuGet.exe = .nuget\NuGet.exe
		.nuget\NuGet.targets = .nuget\NuGet.targets
	EndProjectSection
EndProject
Global
	GlobalSection(TeamFoundationVersionControl) = preSolution
		SccNumberOfProjects = 2
		SccEnterpriseProvider = {4CA58AB2-18FA-4F8D-95D4-32DDF27D184C}
		SccTeamFoundationServer = https://wingtiptickets.visualstudio.com/defaultcollection
		SccLocalPath0 = .
		SccProjectUniqueName1 = ProductRecDataGenerator\\ProductRecDataGenerator.csproj
		SccProjectName1 = ProductRecDataGenerator
		SccLocalPath1 = ProductRecDataGenerator
	EndGlobalSection
	GlobalSection(SolutionConfigurationPlatforms) = preSolution
		Debug|Any CPU = Debug|Any CPU
		Release|Any CPU = Release|Any CPU
	EndGlobalSection
	GlobalSection(ProjectConfigurationPlatforms) = postSolution
		{A23D556C-9A33-4C32-B1C9-5DA6C2864585}.Debug|Any CPU.ActiveCfg = Debug|Any CPU
		{A23D556C-9A33-4C32-B1C9-5DA6C2864585}.Debug|Any CPU.Build.0 = Debug|Any CPU
		{A23D556C-9A33-4C32-B1C9-5DA6C2864585}.Release|Any CPU.ActiveCfg = Release|Any CPU
		{A23D556C-9A33-4C32-B1C9-5DA6C2864585}.Release|Any CPU.Build.0 = Release|Any CPU
	EndGlobalSection
	GlobalSection(SolutionProperties) = preSolution
		HideSolutionNode = FALSE
	EndGlobalSection
EndGlobal
